
Microsoft Visual Studio Solution File, Format Version 12.00
Project("{FAE04EC0-301F-11D3-BF4B-00C04F79EFBC}") = "PluginTest1", "PluginTest1.csproj", "{BC2B17CB-EB9D-4D59-9353-28E937CC69FE}"
EndProject
Global
	GlobalSection(SolutionConfigurationPlatforms) = preSolution
		Debug|Any CPU = Debug|Any CPU
		Release|Any CPU = Release|Any CPU
	EndGlobalSection
	GlobalSection(ProjectConfigurationPlatforms) = postSolution
		{BC2B17CB-EB9D-4D59-9353-28E937CC69FE}.Debug|Any CPU.ActiveCfg = Debug|Any CPU
		{BC2B17CB-EB9D-4D59-9353-28E937CC69FE}.Debug|Any CPU.Build.0 = Debug|Any CPU
		{BC2B17CB-EB9D-4D59-9353-28E937CC69FE}.Release|Any CPU.ActiveCfg = Release|Any CPU
		{BC2B17CB-EB9D-4D59-9353-28E937CC69FE}.Release|Any CPU.Build.0 = Release|Any CPU
	EndGlobalSection
EndGlobal
