
Microsoft Visual Studio Solution File, Format Version 12.00
Project("{FAE04EC0-301F-11D3-BF4B-00C04F79EFBC}") = "LicenseCheckRule", "LicenseCheckRule\LicenseCheckRule.csproj", "{4E52BE61-0E03-41F1-B480-6ED8F8A8FD30}"
EndProject
Global
	GlobalSection(SolutionConfigurationPlatforms) = preSolution
		Debug|Any CPU = Debug|Any CPU
		Release|Any CPU = Release|Any CPU
	EndGlobalSection
	GlobalSection(ProjectConfigurationPlatforms) = postSolution
		{4E52BE61-0E03-41F1-B480-6ED8F8A8FD30}.Debug|Any CPU.ActiveCfg = Debug|Any CPU
		{4E52BE61-0E03-41F1-B480-6ED8F8A8FD30}.Debug|Any CPU.Build.0 = Debug|Any CPU
		{4E52BE61-0E03-41F1-B480-6ED8F8A8FD30}.Release|Any CPU.ActiveCfg = Release|Any CPU
		{4E52BE61-0E03-41F1-B480-6ED8F8A8FD30}.Release|Any CPU.Build.0 = Release|Any CPU
	EndGlobalSection
EndGlobal
