
Microsoft Visual Studio Solution File, Format Version 12.00
# Visual Studio Version 17
VisualStudioVersion = 17.5.33530.505
MinimumVisualStudioVersion = 10.0.40219.1
Project("{FAE04EC0-301F-11D3-BF4B-00C04F79EFBC}") = "CL-CodeAnalysisTest", "CL-CodeAnalysisTest\CL-CodeAnalysisTest.csproj", "{4CD40FD3-36D3-4827-A614-0C19132C529E}"
EndProject
Global
	GlobalSection(SolutionConfigurationPlatforms) = preSolution
		Debug|Any CPU = Debug|Any CPU
		Release|Any CPU = Release|Any CPU
	EndGlobalSection
	GlobalSection(ProjectConfigurationPlatforms) = postSolution
		{4CD40FD3-36D3-4827-A614-0C19132C529E}.Debug|Any CPU.ActiveCfg = Debug|Any CPU
		{4CD40FD3-36D3-4827-A614-0C19132C529E}.Debug|Any CPU.Build.0 = Debug|Any CPU
		{4CD40FD3-36D3-4827-A614-0C19132C529E}.Release|Any CPU.ActiveCfg = Release|Any CPU
		{4CD40FD3-36D3-4827-A614-0C19132C529E}.Release|Any CPU.Build.0 = Release|Any CPU
	EndGlobalSection
	GlobalSection(SolutionProperties) = preSolution
		HideSolutionNode = FALSE
	EndGlobalSection
	GlobalSection(ExtensibilityGlobals) = postSolution
		SolutionGuid = {1F80F105-BA54-49CB-B1E9-4CB652A1D4B6}
	EndGlobalSection
EndGlobal
