
Microsoft Visual Studio Solution File, Format Version 12.00
# Visual Studio Version 17
VisualStudioVersion = 17.5.33530.505
MinimumVisualStudioVersion = 10.0.40219.1
Project("{FAE04EC0-301F-11D3-BF4B-00C04F79EFBC}") = "TestToAnalyse", "TestToAnalyse\TestToAnalyse.csproj", "{362A52B8-1358-4BF7-870A-318E225E1CA4}"
EndProject
Project("{FAE04EC0-301F-11D3-BF4B-00C04F79EFBC}") = "TestToAnalyse.Test", "TestToAnalyse.Test\TestToAnalyse.Test.csproj", "{56436DFD-10BF-4600-8FBC-F13F8C923E11}"
EndProject
Global
	GlobalSection(SolutionConfigurationPlatforms) = preSolution
		Debug|Any CPU = Debug|Any CPU
		Release|Any CPU = Release|Any CPU
	EndGlobalSection
	GlobalSection(ProjectConfigurationPlatforms) = postSolution
		{362A52B8-1358-4BF7-870A-318E225E1CA4}.Debug|Any CPU.ActiveCfg = Debug|Any CPU
		{362A52B8-1358-4BF7-870A-318E225E1CA4}.Debug|Any CPU.Build.0 = Debug|Any CPU
		{362A52B8-1358-4BF7-870A-318E225E1CA4}.Release|Any CPU.ActiveCfg = Release|Any CPU
		{362A52B8-1358-4BF7-870A-318E225E1CA4}.Release|Any CPU.Build.0 = Release|Any CPU
		{56436DFD-10BF-4600-8FBC-F13F8C923E11}.Debug|Any CPU.ActiveCfg = Debug|Any CPU
		{56436DFD-10BF-4600-8FBC-F13F8C923E11}.Debug|Any CPU.Build.0 = Debug|Any CPU
		{56436DFD-10BF-4600-8FBC-F13F8C923E11}.Release|Any CPU.ActiveCfg = Release|Any CPU
		{56436DFD-10BF-4600-8FBC-F13F8C923E11}.Release|Any CPU.Build.0 = Release|Any CPU
	EndGlobalSection
	GlobalSection(SolutionProperties) = preSolution
		HideSolutionNode = FALSE
	EndGlobalSection
	GlobalSection(ExtensibilityGlobals) = postSolution
		SolutionGuid = {1220B361-06FC-480F-B054-D6D617DCD4BE}
	EndGlobalSection
EndGlobal
